
Microsoft Visual Studio Solution File, Format Version 12.00
# Visual Studio Version 17
VisualStudioVersion = 17.14.36127.28 d17.14
MinimumVisualStudioVersion = 10.0.40219.1
Project("{FAE04EC0-301F-11D3-BF4B-00C04F79EFBC}") = "Calculadora", "Calculadora\Calculadora.csproj", "{1EFB0174-377E-43EB-89E7-BA5957C851F2}"
EndProject
Global
	GlobalSection(SolutionConfigurationPlatforms) = preSolution
		Debug|Any CPU = Debug|Any CPU
		Release|Any CPU = Release|Any CPU
	EndGlobalSection
	GlobalSection(ProjectConfigurationPlatforms) = postSolution
		{1EFB0174-377E-43EB-89E7-BA5957C851F2}.Debug|Any CPU.ActiveCfg = Debug|Any CPU
		{1EFB0174-377E-43EB-89E7-BA5957C851F2}.Debug|Any CPU.Build.0 = Debug|Any CPU
		{1EFB0174-377E-43EB-89E7-BA5957C851F2}.Release|Any CPU.ActiveCfg = Release|Any CPU
		{1EFB0174-377E-43EB-89E7-BA5957C851F2}.Release|Any CPU.Build.0 = Release|Any CPU
	EndGlobalSection
	GlobalSection(SolutionProperties) = preSolution
		HideSolutionNode = FALSE
	EndGlobalSection
	GlobalSection(ExtensibilityGlobals) = postSolution
		SolutionGuid = {76B3CEC1-864B-477B-9446-10462A71E095}
	EndGlobalSection
EndGlobal
